
Microsoft Visual Studio Solution File, Format Version 12.00
# Visual Studio Version 17
VisualStudioVersion = 17.2.32616.157
MinimumVisualStudioVersion = 10.0.40219.1
Project("{FAE04EC0-301F-11D3-BF4B-00C04F79EFBC}") = "EasyCacheRedis.Web", "EasyCacheRedis.Web\EasyCacheRedis.Web.csproj", "{BD8FD0B6-BD9B-4D4E-A4C5-EB00BD5891E8}"
EndProject
Project("{FAE04EC0-301F-11D3-BF4B-00C04F79EFBC}") = "RedisExhangeApı.Web", "RedisExhangeApı.Web\RedisExhangeApı.Web.csproj", "{37861F82-139D-497D-BB7E-4E0B1861C927}"
EndProject
Global
	GlobalSection(SolutionConfigurationPlatforms) = preSolution
		Debug|Any CPU = Debug|Any CPU
		Release|Any CPU = Release|Any CPU
	EndGlobalSection
	GlobalSection(ProjectConfigurationPlatforms) = postSolution
		{BD8FD0B6-BD9B-4D4E-A4C5-EB00BD5891E8}.Debug|Any CPU.ActiveCfg = Debug|Any CPU
		{BD8FD0B6-BD9B-4D4E-A4C5-EB00BD5891E8}.Debug|Any CPU.Build.0 = Debug|Any CPU
		{BD8FD0B6-BD9B-4D4E-A4C5-EB00BD5891E8}.Release|Any CPU.ActiveCfg = Release|Any CPU
		{BD8FD0B6-BD9B-4D4E-A4C5-EB00BD5891E8}.Release|Any CPU.Build.0 = Release|Any CPU
		{37861F82-139D-497D-BB7E-4E0B1861C927}.Debug|Any CPU.ActiveCfg = Debug|Any CPU
		{37861F82-139D-497D-BB7E-4E0B1861C927}.Debug|Any CPU.Build.0 = Debug|Any CPU
		{37861F82-139D-497D-BB7E-4E0B1861C927}.Release|Any CPU.ActiveCfg = Release|Any CPU
		{37861F82-139D-497D-BB7E-4E0B1861C927}.Release|Any CPU.Build.0 = Release|Any CPU
	EndGlobalSection
	GlobalSection(SolutionProperties) = preSolution
		HideSolutionNode = FALSE
	EndGlobalSection
	GlobalSection(ExtensibilityGlobals) = postSolution
		SolutionGuid = {D6F64349-DFDD-4205-8E6C-B005647148B3}
	EndGlobalSection
EndGlobal
